
Microsoft Visual Studio Solution File, Format Version 12.00
# Visual Studio Version 17
VisualStudioVersion = 17.0.31903.59
MinimumVisualStudioVersion = 10.0.40219.1
Project("{2150E333-8FDC-42A3-9474-1A3956D46DE8}") = "src", "src", "{827E0CD3-B72D-47B6-A68D-7590B98EB39B}"
EndProject
Project("{FAE04EC0-301F-11D3-BF4B-00C04F79EFBC}") = "Trader.Core", "src\Trader.Core\Trader.Core.csproj", "{B0C7DA31-1B03-4414-8684-3EFB3C8075D2}"
EndProject
Project("{FAE04EC0-301F-11D3-BF4B-00C04F79EFBC}") = "Trader.Providers", "src\Trader.Providers\Trader.Providers.csproj", "{8DA31AD7-BC17-41C0-9D7F-4210DBC46AC7}"
EndProject
Project("{2150E333-8FDC-42A3-9474-1A3956D46DE8}") = "tests", "tests", "{0AB3BF05-4346-4AA6-1389-037BE0695223}"
EndProject
Project("{FAE04EC0-301F-11D3-BF4B-00C04F79EFBC}") = "Trader.IntegrationTests", "tests\Trader.IntegrationTests\Trader.IntegrationTests.csproj", "{2284F857-8C49-45C0-8F1C-0772757DB12C}"
EndProject
Project("{FAE04EC0-301F-11D3-BF4B-00C04F79EFBC}") = "Trader.MarketData.Worker", "src\Trader.MarketData.Worker\Trader.MarketData.Worker.csproj", "{3DF85D8F-D1A5-4E93-B6FB-7D7E15541902}"
EndProject
Project("{FAE04EC0-301F-11D3-BF4B-00C04F79EFBC}") = "Trader.MarketData.Data", "src\Trader.MarketData.Data\Trader.MarketData.Data.csproj", "{A6F0D305-36C4-4DA9-B913-6133397F4AC6}"
EndProject
Project("{FAE04EC0-301F-11D3-BF4B-00C04F79EFBC}") = "Trader.MarketData.Api", "src\Trader.MarketData.Api\Trader.MarketData.Api.csproj", "{DFEE5FF0-13E6-4993-BD6A-3319E4FB4DCB}"
EndProject
Project("{FAE04EC0-301F-11D3-BF4B-00C04F79EFBC}") = "Trader.Api", "src\Trader.Api\Trader.Api.csproj", "{0F4AF5F4-E817-4E2D-9A41-9A561FFA7769}"
EndProject
Project("{FAE04EC0-301F-11D3-BF4B-00C04F79EFBC}") = "Trader.News.Data", "src\Trader.News.Data\Trader.News.Data.csproj", "{28673E03-6882-4B47-9EF7-C8D346C91D4C}"
EndProject
Project("{FAE04EC0-301F-11D3-BF4B-00C04F79EFBC}") = "Trader.News.Worker", "src\Trader.News.Worker\Trader.News.Worker.csproj", "{4DEC3CB5-93E5-437F-9A54-0E9D76B8EA09}"
EndProject
Project("{FAE04EC0-301F-11D3-BF4B-00C04F79EFBC}") = "Trader.News.Api", "src\Trader.News.Api\Trader.News.Api.csproj", "{BD43F256-1EB4-4976-AD88-D2A6386A48D3}"
EndProject
Global
	GlobalSection(SolutionConfigurationPlatforms) = preSolution
		Debug|Any CPU = Debug|Any CPU
		Debug|x64 = Debug|x64
		Debug|x86 = Debug|x86
		Release|Any CPU = Release|Any CPU
		Release|x64 = Release|x64
		Release|x86 = Release|x86
	EndGlobalSection
	GlobalSection(ProjectConfigurationPlatforms) = postSolution
		{B0C7DA31-1B03-4414-8684-3EFB3C8075D2}.Debug|Any CPU.ActiveCfg = Debug|Any CPU
		{B0C7DA31-1B03-4414-8684-3EFB3C8075D2}.Debug|Any CPU.Build.0 = Debug|Any CPU
		{B0C7DA31-1B03-4414-8684-3EFB3C8075D2}.Debug|x64.ActiveCfg = Debug|Any CPU
		{B0C7DA31-1B03-4414-8684-3EFB3C8075D2}.Debug|x64.Build.0 = Debug|Any CPU
		{B0C7DA31-1B03-4414-8684-3EFB3C8075D2}.Debug|x86.ActiveCfg = Debug|Any CPU
		{B0C7DA31-1B03-4414-8684-3EFB3C8075D2}.Debug|x86.Build.0 = Debug|Any CPU
		{B0C7DA31-1B03-4414-8684-3EFB3C8075D2}.Release|Any CPU.ActiveCfg = Release|Any CPU
		{B0C7DA31-1B03-4414-8684-3EFB3C8075D2}.Release|Any CPU.Build.0 = Release|Any CPU
		{B0C7DA31-1B03-4414-8684-3EFB3C8075D2}.Release|x64.ActiveCfg = Release|Any CPU
		{B0C7DA31-1B03-4414-8684-3EFB3C8075D2}.Release|x64.Build.0 = Release|Any CPU
		{B0C7DA31-1B03-4414-8684-3EFB3C8075D2}.Release|x86.ActiveCfg = Release|Any CPU
		{B0C7DA31-1B03-4414-8684-3EFB3C8075D2}.Release|x86.Build.0 = Release|Any CPU
		{8DA31AD7-BC17-41C0-9D7F-4210DBC46AC7}.Debug|Any CPU.ActiveCfg = Debug|Any CPU
		{8DA31AD7-BC17-41C0-9D7F-4210DBC46AC7}.Debug|Any CPU.Build.0 = Debug|Any CPU
		{8DA31AD7-BC17-41C0-9D7F-4210DBC46AC7}.Debug|x64.ActiveCfg = Debug|Any CPU
		{8DA31AD7-BC17-41C0-9D7F-4210DBC46AC7}.Debug|x64.Build.0 = Debug|Any CPU
		{8DA31AD7-BC17-41C0-9D7F-4210DBC46AC7}.Debug|x86.ActiveCfg = Debug|Any CPU
		{8DA31AD7-BC17-41C0-9D7F-4210DBC46AC7}.Debug|x86.Build.0 = Debug|Any CPU
		{8DA31AD7-BC17-41C0-9D7F-4210DBC46AC7}.Release|Any CPU.ActiveCfg = Release|Any CPU
		{8DA31AD7-BC17-41C0-9D7F-4210DBC46AC7}.Release|Any CPU.Build.0 = Release|Any CPU
		{8DA31AD7-BC17-41C0-9D7F-4210DBC46AC7}.Release|x64.ActiveCfg = Release|Any CPU
		{8DA31AD7-BC17-41C0-9D7F-4210DBC46AC7}.Release|x64.Build.0 = Release|Any CPU
		{8DA31AD7-BC17-41C0-9D7F-4210DBC46AC7}.Release|x86.ActiveCfg = Release|Any CPU
		{8DA31AD7-BC17-41C0-9D7F-4210DBC46AC7}.Release|x86.Build.0 = Release|Any CPU
		{2284F857-8C49-45C0-8F1C-0772757DB12C}.Debug|Any CPU.ActiveCfg = Debug|Any CPU
		{2284F857-8C49-45C0-8F1C-0772757DB12C}.Debug|Any CPU.Build.0 = Debug|Any CPU
		{2284F857-8C49-45C0-8F1C-0772757DB12C}.Debug|x64.ActiveCfg = Debug|Any CPU
		{2284F857-8C49-45C0-8F1C-0772757DB12C}.Debug|x64.Build.0 = Debug|Any CPU
		{2284F857-8C49-45C0-8F1C-0772757DB12C}.Debug|x86.ActiveCfg = Debug|Any CPU
		{2284F857-8C49-45C0-8F1C-0772757DB12C}.Debug|x86.Build.0 = Debug|Any CPU
		{2284F857-8C49-45C0-8F1C-0772757DB12C}.Release|Any CPU.ActiveCfg = Release|Any CPU
		{2284F857-8C49-45C0-8F1C-0772757DB12C}.Release|Any CPU.Build.0 = Release|Any CPU
		{2284F857-8C49-45C0-8F1C-0772757DB12C}.Release|x64.ActiveCfg = Release|Any CPU
		{2284F857-8C49-45C0-8F1C-0772757DB12C}.Release|x64.Build.0 = Release|Any CPU
		{2284F857-8C49-45C0-8F1C-0772757DB12C}.Release|x86.ActiveCfg = Release|Any CPU
		{2284F857-8C49-45C0-8F1C-0772757DB12C}.Release|x86.Build.0 = Release|Any CPU
		{3DF85D8F-D1A5-4E93-B6FB-7D7E15541902}.Debug|Any CPU.ActiveCfg = Debug|Any CPU
		{3DF85D8F-D1A5-4E93-B6FB-7D7E15541902}.Debug|Any CPU.Build.0 = Debug|Any CPU
		{3DF85D8F-D1A5-4E93-B6FB-7D7E15541902}.Debug|x64.ActiveCfg = Debug|Any CPU
		{3DF85D8F-D1A5-4E93-B6FB-7D7E15541902}.Debug|x64.Build.0 = Debug|Any CPU
		{3DF85D8F-D1A5-4E93-B6FB-7D7E15541902}.Debug|x86.ActiveCfg = Debug|Any CPU
		{3DF85D8F-D1A5-4E93-B6FB-7D7E15541902}.Debug|x86.Build.0 = Debug|Any CPU
		{3DF85D8F-D1A5-4E93-B6FB-7D7E15541902}.Release|Any CPU.ActiveCfg = Release|Any CPU
		{3DF85D8F-D1A5-4E93-B6FB-7D7E15541902}.Release|Any CPU.Build.0 = Release|Any CPU
		{3DF85D8F-D1A5-4E93-B6FB-7D7E15541902}.Release|x64.ActiveCfg = Release|Any CPU
		{3DF85D8F-D1A5-4E93-B6FB-7D7E15541902}.Release|x64.Build.0 = Release|Any CPU
		{3DF85D8F-D1A5-4E93-B6FB-7D7E15541902}.Release|x86.ActiveCfg = Release|Any CPU
		{3DF85D8F-D1A5-4E93-B6FB-7D7E15541902}.Release|x86.Build.0 = Release|Any CPU
		{A6F0D305-36C4-4DA9-B913-6133397F4AC6}.Debug|Any CPU.ActiveCfg = Debug|Any CPU
		{A6F0D305-36C4-4DA9-B913-6133397F4AC6}.Debug|Any CPU.Build.0 = Debug|Any CPU
		{A6F0D305-36C4-4DA9-B913-6133397F4AC6}.Debug|x64.ActiveCfg = Debug|Any CPU
		{A6F0D305-36C4-4DA9-B913-6133397F4AC6}.Debug|x64.Build.0 = Debug|Any CPU
		{A6F0D305-36C4-4DA9-B913-6133397F4AC6}.Debug|x86.ActiveCfg = Debug|Any CPU
		{A6F0D305-36C4-4DA9-B913-6133397F4AC6}.Debug|x86.Build.0 = Debug|Any CPU
		{A6F0D305-36C4-4DA9-B913-6133397F4AC6}.Release|Any CPU.ActiveCfg = Release|Any CPU
		{A6F0D305-36C4-4DA9-B913-6133397F4AC6}.Release|Any CPU.Build.0 = Release|Any CPU
		{A6F0D305-36C4-4DA9-B913-6133397F4AC6}.Release|x64.ActiveCfg = Release|Any CPU
		{A6F0D305-36C4-4DA9-B913-6133397F4AC6}.Release|x64.Build.0 = Release|Any CPU
		{A6F0D305-36C4-4DA9-B913-6133397F4AC6}.Release|x86.ActiveCfg = Release|Any CPU
		{A6F0D305-36C4-4DA9-B913-6133397F4AC6}.Release|x86.Build.0 = Release|Any CPU
		{DFEE5FF0-13E6-4993-BD6A-3319E4FB4DCB}.Debug|Any CPU.ActiveCfg = Debug|Any CPU
		{DFEE5FF0-13E6-4993-BD6A-3319E4FB4DCB}.Debug|Any CPU.Build.0 = Debug|Any CPU
		{DFEE5FF0-13E6-4993-BD6A-3319E4FB4DCB}.Debug|x64.ActiveCfg = Debug|Any CPU
		{DFEE5FF0-13E6-4993-BD6A-3319E4FB4DCB}.Debug|x64.Build.0 = Debug|Any CPU
		{DFEE5FF0-13E6-4993-BD6A-3319E4FB4DCB}.Debug|x86.ActiveCfg = Debug|Any CPU
		{DFEE5FF0-13E6-4993-BD6A-3319E4FB4DCB}.Debug|x86.Build.0 = Debug|Any CPU
		{DFEE5FF0-13E6-4993-BD6A-3319E4FB4DCB}.Release|Any CPU.ActiveCfg = Release|Any CPU
		{DFEE5FF0-13E6-4993-BD6A-3319E4FB4DCB}.Release|Any CPU.Build.0 = Release|Any CPU
		{DFEE5FF0-13E6-4993-BD6A-3319E4FB4DCB}.Release|x64.ActiveCfg = Release|Any CPU
		{DFEE5FF0-13E6-4993-BD6A-3319E4FB4DCB}.Release|x64.Build.0 = Release|Any CPU
		{DFEE5FF0-13E6-4993-BD6A-3319E4FB4DCB}.Release|x86.ActiveCfg = Release|Any CPU
		{DFEE5FF0-13E6-4993-BD6A-3319E4FB4DCB}.Release|x86.Build.0 = Release|Any CPU
		{0F4AF5F4-E817-4E2D-9A41-9A561FFA7769}.Debug|Any CPU.ActiveCfg = Debug|Any CPU
		{0F4AF5F4-E817-4E2D-9A41-9A561FFA7769}.Debug|Any CPU.Build.0 = Debug|Any CPU
		{0F4AF5F4-E817-4E2D-9A41-9A561FFA7769}.Debug|x64.ActiveCfg = Debug|Any CPU
		{0F4AF5F4-E817-4E2D-9A41-9A561FFA7769}.Debug|x64.Build.0 = Debug|Any CPU
		{0F4AF5F4-E817-4E2D-9A41-9A561FFA7769}.Debug|x86.ActiveCfg = Debug|Any CPU
		{0F4AF5F4-E817-4E2D-9A41-9A561FFA7769}.Debug|x86.Build.0 = Debug|Any CPU
		{0F4AF5F4-E817-4E2D-9A41-9A561FFA7769}.Release|Any CPU.ActiveCfg = Release|Any CPU
		{0F4AF5F4-E817-4E2D-9A41-9A561FFA7769}.Release|Any CPU.Build.0 = Release|Any CPU
		{0F4AF5F4-E817-4E2D-9A41-9A561FFA7769}.Release|x64.ActiveCfg = Release|Any CPU
		{0F4AF5F4-E817-4E2D-9A41-9A561FFA7769}.Release|x64.Build.0 = Release|Any CPU
		{0F4AF5F4-E817-4E2D-9A41-9A561FFA7769}.Release|x86.ActiveCfg = Release|Any CPU
		{0F4AF5F4-E817-4E2D-9A41-9A561FFA7769}.Release|x86.Build.0 = Release|Any CPU
		{28673E03-6882-4B47-9EF7-C8D346C91D4C}.Debug|Any CPU.ActiveCfg = Debug|Any CPU
		{28673E03-6882-4B47-9EF7-C8D346C91D4C}.Debug|Any CPU.Build.0 = Debug|Any CPU
		{28673E03-6882-4B47-9EF7-C8D346C91D4C}.Debug|x64.ActiveCfg = Debug|Any CPU
		{28673E03-6882-4B47-9EF7-C8D346C91D4C}.Debug|x64.Build.0 = Debug|Any CPU
		{28673E03-6882-4B47-9EF7-C8D346C91D4C}.Debug|x86.ActiveCfg = Debug|Any CPU
		{28673E03-6882-4B47-9EF7-C8D346C91D4C}.Debug|x86.Build.0 = Debug|Any CPU
		{28673E03-6882-4B47-9EF7-C8D346C91D4C}.Release|Any CPU.ActiveCfg = Release|Any CPU
		{28673E03-6882-4B47-9EF7-C8D346C91D4C}.Release|Any CPU.Build.0 = Release|Any CPU
		{28673E03-6882-4B47-9EF7-C8D346C91D4C}.Release|x64.ActiveCfg = Release|Any CPU
		{28673E03-6882-4B47-9EF7-C8D346C91D4C}.Release|x64.Build.0 = Release|Any CPU
		{28673E03-6882-4B47-9EF7-C8D346C91D4C}.Release|x86.ActiveCfg = Release|Any CPU
		{28673E03-6882-4B47-9EF7-C8D346C91D4C}.Release|x86.Build.0 = Release|Any CPU
		{4DEC3CB5-93E5-437F-9A54-0E9D76B8EA09}.Debug|Any CPU.ActiveCfg = Debug|Any CPU
		{4DEC3CB5-93E5-437F-9A54-0E9D76B8EA09}.Debug|Any CPU.Build.0 = Debug|Any CPU
		{4DEC3CB5-93E5-437F-9A54-0E9D76B8EA09}.Debug|x64.ActiveCfg = Debug|Any CPU
		{4DEC3CB5-93E5-437F-9A54-0E9D76B8EA09}.Debug|x64.Build.0 = Debug|Any CPU
		{4DEC3CB5-93E5-437F-9A54-0E9D76B8EA09}.Debug|x86.ActiveCfg = Debug|Any CPU
		{4DEC3CB5-93E5-437F-9A54-0E9D76B8EA09}.Debug|x86.Build.0 = Debug|Any CPU
		{4DEC3CB5-93E5-437F-9A54-0E9D76B8EA09}.Release|Any CPU.ActiveCfg = Release|Any CPU
		{4DEC3CB5-93E5-437F-9A54-0E9D76B8EA09}.Release|Any CPU.Build.0 = Release|Any CPU
		{4DEC3CB5-93E5-437F-9A54-0E9D76B8EA09}.Release|x64.ActiveCfg = Release|Any CPU
		{4DEC3CB5-93E5-437F-9A54-0E9D76B8EA09}.Release|x64.Build.0 = Release|Any CPU
		{4DEC3CB5-93E5-437F-9A54-0E9D76B8EA09}.Release|x86.ActiveCfg = Release|Any CPU
		{4DEC3CB5-93E5-437F-9A54-0E9D76B8EA09}.Release|x86.Build.0 = Release|Any CPU
		{BD43F256-1EB4-4976-AD88-D2A6386A48D3}.Debug|Any CPU.ActiveCfg = Debug|Any CPU
		{BD43F256-1EB4-4976-AD88-D2A6386A48D3}.Debug|Any CPU.Build.0 = Debug|Any CPU
		{BD43F256-1EB4-4976-AD88-D2A6386A48D3}.Debug|x64.ActiveCfg = Debug|Any CPU
		{BD43F256-1EB4-4976-AD88-D2A6386A48D3}.Debug|x64.Build.0 = Debug|Any CPU
		{BD43F256-1EB4-4976-AD88-D2A6386A48D3}.Debug|x86.ActiveCfg = Debug|Any CPU
		{BD43F256-1EB4-4976-AD88-D2A6386A48D3}.Debug|x86.Build.0 = Debug|Any CPU
		{BD43F256-1EB4-4976-AD88-D2A6386A48D3}.Release|Any CPU.ActiveCfg = Release|Any CPU
		{BD43F256-1EB4-4976-AD88-D2A6386A48D3}.Release|Any CPU.Build.0 = Release|Any CPU
		{BD43F256-1EB4-4976-AD88-D2A6386A48D3}.Release|x64.ActiveCfg = Release|Any CPU
		{BD43F256-1EB4-4976-AD88-D2A6386A48D3}.Release|x64.Build.0 = Release|Any CPU
		{BD43F256-1EB4-4976-AD88-D2A6386A48D3}.Release|x86.ActiveCfg = Release|Any CPU
		{BD43F256-1EB4-4976-AD88-D2A6386A48D3}.Release|x86.Build.0 = Release|Any CPU
	EndGlobalSection
	GlobalSection(SolutionProperties) = preSolution
		HideSolutionNode = FALSE
	EndGlobalSection
	GlobalSection(NestedProjects) = preSolution
		{B0C7DA31-1B03-4414-8684-3EFB3C8075D2} = {827E0CD3-B72D-47B6-A68D-7590B98EB39B}
		{8DA31AD7-BC17-41C0-9D7F-4210DBC46AC7} = {827E0CD3-B72D-47B6-A68D-7590B98EB39B}
		{2284F857-8C49-45C0-8F1C-0772757DB12C} = {0AB3BF05-4346-4AA6-1389-037BE0695223}
		{3DF85D8F-D1A5-4E93-B6FB-7D7E15541902} = {827E0CD3-B72D-47B6-A68D-7590B98EB39B}
		{A6F0D305-36C4-4DA9-B913-6133397F4AC6} = {827E0CD3-B72D-47B6-A68D-7590B98EB39B}
		{DFEE5FF0-13E6-4993-BD6A-3319E4FB4DCB} = {827E0CD3-B72D-47B6-A68D-7590B98EB39B}
		{0F4AF5F4-E817-4E2D-9A41-9A561FFA7769} = {827E0CD3-B72D-47B6-A68D-7590B98EB39B}
		{28673E03-6882-4B47-9EF7-C8D346C91D4C} = {827E0CD3-B72D-47B6-A68D-7590B98EB39B}
		{4DEC3CB5-93E5-437F-9A54-0E9D76B8EA09} = {827E0CD3-B72D-47B6-A68D-7590B98EB39B}
		{BD43F256-1EB4-4976-AD88-D2A6386A48D3} = {827E0CD3-B72D-47B6-A68D-7590B98EB39B}
	EndGlobalSection
EndGlobal
